{
  "name": "sass",
  "version": "1.0.0",
  "lockfileVersion": 1,
  "requires": true,
  "dependencies": {
    "bootstrap": {
      "version": "5.1.3",
      "resolved": "https://registry.npmjs.org/bootstrap/-/bootstrap-5.1.3.tgz",
      "integrity": "sha512-fcQztozJ8jToQWXxVuEyXWW+dSo8AiXWKwiSSrKWsRB/Qt+Ewwza+JWoLKiTuQLaEPhdNAJ7+Dosc9DOIqNy7Q=="
    },
    "bootstrap-select": {
      "version": "1.14.0-beta3",
      "resolved": "https://registry.npmjs.org/bootstrap-select/-/bootstrap-select-1.14.0-beta3.tgz",
      "integrity": "sha512-wYUDY4NAYBcNydXybE7wh3+ucyf+AcUOhZ+e0TFIoZ38A+k/3BVT1RPl5f0CiPxAexP1IQuqALKMqI8wtZS71A=="
    },
    "tinymce": {
      "version": "6.0.1",
      "resolved": "https://registry.npmjs.org/tinymce/-/tinymce-6.0.1.tgz",
      "integrity": "sha512-+y3Lhm65GFs87gUfKuSWm2JA6ULHCC29trof4umIk2+TT+ql2poSsqsmRCSPN4elEo4EssIgEPFVRyPvrS/pDg=="
    }
  }
}
